
Microsoft Visual Studio Solution File, Format Version 12.00
# Visual Studio 14
VisualStudioVersion = 14.0.25420.1
MinimumVisualStudioVersion = 10.0.40219.1
Project("{FAE04EC0-301F-11D3-BF4B-00C04F79EFBC}") = "Erudit.Cmd", "Erudit.Cmd\Erudit.Cmd.csproj", "{FBC7C5EC-082C-4DD0-9C9F-751AD57DF27F}"
EndProject
Project("{FAE04EC0-301F-11D3-BF4B-00C04F79EFBC}") = "Erudit.Core", "Erudit.Core\Erudit.Core.csproj", "{DDF33228-EB53-4804-B106-237204E16BDC}"
EndProject
Global
	GlobalSection(SolutionConfigurationPlatforms) = preSolution
		Debug|Any CPU = Debug|Any CPU
		Release|Any CPU = Release|Any CPU
	EndGlobalSection
	GlobalSection(ProjectConfigurationPlatforms) = postSolution
		{FBC7C5EC-082C-4DD0-9C9F-751AD57DF27F}.Debug|Any CPU.ActiveCfg = Debug|Any CPU
		{FBC7C5EC-082C-4DD0-9C9F-751AD57DF27F}.Debug|Any CPU.Build.0 = Debug|Any CPU
		{FBC7C5EC-082C-4DD0-9C9F-751AD57DF27F}.Release|Any CPU.ActiveCfg = Release|Any CPU
		{FBC7C5EC-082C-4DD0-9C9F-751AD57DF27F}.Release|Any CPU.Build.0 = Release|Any CPU
		{DDF33228-EB53-4804-B106-237204E16BDC}.Debug|Any CPU.ActiveCfg = Debug|Any CPU
		{DDF33228-EB53-4804-B106-237204E16BDC}.Debug|Any CPU.Build.0 = Debug|Any CPU
		{DDF33228-EB53-4804-B106-237204E16BDC}.Release|Any CPU.ActiveCfg = Release|Any CPU
		{DDF33228-EB53-4804-B106-237204E16BDC}.Release|Any CPU.Build.0 = Release|Any CPU
	EndGlobalSection
	GlobalSection(SolutionProperties) = preSolution
		HideSolutionNode = FALSE
	EndGlobalSection
EndGlobal
